dependencies:
  idf:
    component_hash: null
    source:
      type: idf
    version: 5.1.1
  joltwallet/littlefs:
    component_hash: ded0e488095259506b631b6252d9034fd6f11cc8580e8df5fef6a93200449428
    source:
      service_url: https://api.components.espressif.com/
      type: service
    version: 1.9.2
manifest_hash: 69492a399206547f53e10bab1c3b37473f7b3f9ff597a31010e5ce9c956b72d2
target: esp32
version: 1.0.0
